
Microsoft Visual Studio Solution File, Format Version 12.00
# Visual Studio Version 17
VisualStudioVersion = 17.1.32328.378
MinimumVisualStudioVersion = 10.0.40219.1
Project("{FAE04EC0-301F-11D3-BF4B-00C04F79EFBC}") = "Semana10SalesMVC.WEB", "Semana10SalesMVC.WEB\Semana10SalesMVC.WEB.csproj", "{F8DC24CD-379F-4BE2-B0B7-9BB0A035BA6A}"
EndProject
Global
	GlobalSection(SolutionConfigurationPlatforms) = preSolution
		Debug|Any CPU = Debug|Any CPU
		Release|Any CPU = Release|Any CPU
	EndGlobalSection
	GlobalSection(ProjectConfigurationPlatforms) = postSolution
		{F8DC24CD-379F-4BE2-B0B7-9BB0A035BA6A}.Debug|Any CPU.ActiveCfg = Debug|Any CPU
		{F8DC24CD-379F-4BE2-B0B7-9BB0A035BA6A}.Debug|Any CPU.Build.0 = Debug|Any CPU
		{F8DC24CD-379F-4BE2-B0B7-9BB0A035BA6A}.Release|Any CPU.ActiveCfg = Release|Any CPU
		{F8DC24CD-379F-4BE2-B0B7-9BB0A035BA6A}.Release|Any CPU.Build.0 = Release|Any CPU
	EndGlobalSection
	GlobalSection(SolutionProperties) = preSolution
		HideSolutionNode = FALSE
	EndGlobalSection
	GlobalSection(ExtensibilityGlobals) = postSolution
		SolutionGuid = {3B7216E0-DFD9-44A2-BF62-8BE0B2691C94}
	EndGlobalSection
EndGlobal
